
Microsoft Visual Studio Solution File, Format Version 12.00
# Visual Studio Version 17
VisualStudioVersion = 17.5.002.0
MinimumVisualStudioVersion = 10.0.40219.1
Project("{9A19103F-16F7-4668-BE54-9A1E7A4F7556}") = "Doom", "Doom\Doom.csproj", "{272397FE-646B-4F7F-B48F-FCA8C07F185B}"
EndProject
Project("{FAE04EC0-301F-11D3-BF4B-00C04F79EFBC}") = "DoomTests", "DoomTests\DoomTests.csproj", "{6FB04DFA-8275-48D3-A82D-11F78B1D787D}"
EndProject
Global
	GlobalSection(SolutionConfigurationPlatforms) = preSolution
		Debug|Any CPU = Debug|Any CPU
		Release|Any CPU = Release|Any CPU
	EndGlobalSection
	GlobalSection(ProjectConfigurationPlatforms) = postSolution
		{272397FE-646B-4F7F-B48F-FCA8C07F185B}.Debug|Any CPU.ActiveCfg = Debug|Any CPU
		{272397FE-646B-4F7F-B48F-FCA8C07F185B}.Debug|Any CPU.Build.0 = Debug|Any CPU
		{272397FE-646B-4F7F-B48F-FCA8C07F185B}.Release|Any CPU.ActiveCfg = Release|Any CPU
		{272397FE-646B-4F7F-B48F-FCA8C07F185B}.Release|Any CPU.Build.0 = Release|Any CPU
		{6FB04DFA-8275-48D3-A82D-11F78B1D787D}.Debug|Any CPU.ActiveCfg = Debug|Any CPU
		{6FB04DFA-8275-48D3-A82D-11F78B1D787D}.Debug|Any CPU.Build.0 = Debug|Any CPU
		{6FB04DFA-8275-48D3-A82D-11F78B1D787D}.Release|Any CPU.ActiveCfg = Release|Any CPU
		{6FB04DFA-8275-48D3-A82D-11F78B1D787D}.Release|Any CPU.Build.0 = Release|Any CPU
	EndGlobalSection
	GlobalSection(SolutionProperties) = preSolution
		HideSolutionNode = FALSE
	EndGlobalSection
	GlobalSection(ExtensibilityGlobals) = postSolution
		SolutionGuid = {02ACB143-7DC8-419C-86D6-D5AE924E3684}
	EndGlobalSection
EndGlobal
